{
  "pins" : [
    {
      "identity" : "tmlengines",
      "kind" : "remoteSourceControl",
      "location" : "https://github.com/johnfairh/TMLEngines",
      "state" : {
        "revision" : "81646b99277ce42ee5acc34577965cc292c2f587",
        "version" : "1.2.4"
      }
    }
  ],
  "version" : 2
}
